// !$*UTF8*$!
{
	archiveVersion = 1;
	classes = {
	};
	objectVersion = 56;
	objects = {

/* Begin PBXBuildFile section */
		105E0F8B28D11DF600ADB0F9 /* PlantDiseaseClassifierApp.swift in Sources */ = {isa = PBXBuildFile; fileRef = 105E0F8A28D11DF600ADB0F9 /* PlantDiseaseClassifierApp.swift */; };
		105E0F8D28D11DF600ADB0F9 /* ContentView.swift in Sources */ = {isa = PBXBuildFile; fileRef = 105E0F8C28D11DF600ADB0F9 /* ContentView.swift */; };
		105E0F8F28D11DF700ADB0F9 /* Assets.xcassets in Resources */ = {isa = PBXBuildFile; fileRef = 105E0F8E28D11DF700ADB0F9 /* Assets.xcassets */; };
		105E0F9228D11DF700ADB0F9 /* Preview Assets.xcassets in Resources */ = {isa = PBXBuildFile; fileRef = 105E0F9128D11DF700ADB0F9 /* Preview Assets.xcassets */; };
		105E0F9C28D11DF700ADB0F9 /* PlantDiseaseClassifierTests.swift in Sources */ = {isa = PBXBuildFile; fileRef = 105E0F9B28D11DF700ADB0F9 /* PlantDiseaseClassifierTests.swift */; };
		105E0FA628D11DF700ADB0F9 /* PlantDiseaseClassifierUITests.swift in Sources */ = {isa = PBXBuildFile; fileRef = 105E0FA528D11DF700ADB0F9 /* PlantDiseaseClassifierUITests.swift */; };
		105E0FA828D11DF700ADB0F9 /* PlantDiseaseClassifierUITestsLaunchTests.swift in Sources */ = {isa = PBXBuildFile; fileRef = 105E0FA728D11DF700ADB0F9 /* PlantDiseaseClassifierUITestsLaunchTests.swift */; };
/* End PBXBuildFile section */

/* Begin PBXContainerItemProxy section */
		105E0F9828D11DF700ADB0F9 /* PBXContainerItemProxy */ = {
			isa = PBXContainerItemProxy;
			containerPortal = 105E0F7F28D11DF600ADB0F9 /* Project object */;
			proxyType = 1;
			remoteGlobalIDString = 105E0F8628D11DF600ADB0F9;
			remoteInfo = PlantDiseaseClassifier;
		};
		105E0FA228D11DF700ADB0F9 /* PBXContainerItemProxy */ = {
			isa = PBXContainerItemProxy;
			containerPortal = 105E0F7F28D11DF600ADB0F9 /* Project object */;
			proxyType = 1;
			remoteGlobalIDString = 105E0F8628D11DF600ADB0F9;
			remoteInfo = PlantDiseaseClassifier;
		};
/* End PBXContainerItemProxy section */

/* Begin PBXFileReference section */
		105E0F8728D11DF600ADB0F9 /* PlantDiseaseClassifier.app */ = {isa = PBXFileReference; explicitFileType = wrapper.application; includeInIndex = 0; path = PlantDiseaseClassifier.app; sourceTree = BUILT_PRODUCTS_DIR; };
		105E0F8A28D11DF600ADB0F9 /* PlantDiseaseClassifierApp.swift */ = {isa = PBXFileReference; lastKnownFileType = sourcecode.swift; path = PlantDiseaseClassifierApp.swift; sourceTree = "<group>"; };
		105E0F8C28D11DF600ADB0F9 /* ContentView.swift */ = {isa = PBXFileReference; lastKnownFileType = sourcecode.swift; path = ContentView.swift; sourceTree = "<group>"; };
		105E0F8E28D11DF700ADB0F9 /* Assets.xcassets */ = {isa = PBXFileReference; lastKnownFileType = folder.assetcatalog; path = Assets.xcassets; sourceTree = "<group>"; };
		105E0F9128D11DF700ADB0F9 /* Preview Assets.xcassets */ = {isa = PBXFileReference; lastKnownFileType = folder.assetcatalog; path = "Preview Assets.xcassets"; sourceTree = "<group>"; };
		105E0F9728D11DF700ADB0F9 /* PlantDiseaseClassifierTests.xctest */ = {isa = PBXFileReference; explicitFileType = wrapper.cfbundle; includeInIndex = 0; path = PlantDiseaseClassifierTests.xctest; sourceTree = BUILT_PRODUCTS_DIR; };
		105E0F9B28D11DF700ADB0F9 /* PlantDiseaseClassifierTests.swift */ = {isa = PBXFileReference; lastKnownFileType = sourcecode.swift; path = PlantDiseaseClassifierTests.swift; sourceTree = "<group>"; };
		105E0FA128D11DF700ADB0F9 /* PlantDiseaseClassifierUITests.xctest */ = {isa = PBXFileReference; explicitFileType = wrapper.cfbundle; includeInIndex = 0; path = PlantDiseaseClassifierUITests.xctest; sourceTree = BUILT_PRODUCTS_DIR; };
		105E0FA528D11DF700ADB0F9 /* PlantDiseaseClassifierUITests.swift */ = {isa = PBXFileReference; lastKnownFileType = sourcecode.swift; path = PlantDiseaseClassifierUITests.swift; sourceTree = "<group>"; };
		105E0FA728D11DF700ADB0F9 /* PlantDiseaseClassifierUITestsLaunchTests.swift */ = {isa = PBXFileReference; lastKnownFileType = sourcecode.swift; path = PlantDiseaseClassifierUITestsLaunchTests.swift; sourceTree = "<group>"; };
/* End PBXFileReference section */

/* Begin PBXFrameworksBuildPhase section */
		105E0F8428D11DF600ADB0F9 /* Frameworks */ = {
			isa = PBXFrameworksBuildPhase;
			buildActionMask = 2147483647;
			files = (
			);
			runOnlyForDeploymentPostprocessing = 0;
		};
		105E0F9428D11DF700ADB0F9 /* Frameworks */ = {
			isa = PBXFrameworksBuildPhase;
			buildActionMask = 2147483647;
			files = (
			);
			runOnlyForDeploymentPostprocessing = 0;
		};
		105E0F9E28D11DF700ADB0F9 /* Frameworks */ = {
			isa = PBXFrameworksBuildPhase;
			buildActionMask = 2147483647;
			files = (
			);
			runOnlyForDeploymentPostprocessing = 0;
		};
/* End PBXFrameworksBuildPhase section */

/* Begin PBXGroup section */
		105E0F7E28D11DF600ADB0F9 = {
			isa = PBXGroup;
			children = (
				105E0F8928D11DF600ADB0F9 /* PlantDiseaseClassifier */,
				105E0F9A28D11DF700ADB0F9 /* PlantDiseaseClassifierTests */,
				105E0FA428D11DF700ADB0F9 /* PlantDiseaseClassifierUITests */,
				105E0F8828D11DF600ADB0F9 /* Products */,
			);
			sourceTree = "<group>";
		};
		105E0F8828D11DF600ADB0F9 /* Products */ = {
			isa = PBXGroup;
			children = (
				105E0F8728D11DF600ADB0F9 /* PlantDiseaseClassifier.app */,
				105E0F9728D11DF700ADB0F9 /* PlantDiseaseClassifierTests.xctest */,
				105E0FA128D11DF700ADB0F9 /* PlantDiseaseClassifierUITests.xctest */,
			);
			name = Products;
			sourceTree = "<group>";
		};
		105E0F8928D11DF600ADB0F9 /* PlantDiseaseClassifier */ = {
			isa = PBXGroup;
			children = (
				105E0F8A28D11DF600ADB0F9 /* PlantDiseaseClassifierApp.swift */,
				105E0F8C28D11DF600ADB0F9 /* ContentView.swift */,
				105E0F8E28D11DF700ADB0F9 /* Assets.xcassets */,
				105E0F9028D11DF700ADB0F9 /* Preview Content */,
			);
			path = PlantDiseaseClassifier;
			sourceTree = "<group>";
		};
		105E0F9028D11DF700ADB0F9 /* Preview Content */ = {
			isa = PBXGroup;
			children = (
				105E0F9128D11DF700ADB0F9 /* Preview Assets.xcassets */,
			);
			path = "Preview Content";
			sourceTree = "<group>";
		};
		105E0F9A28D11DF700ADB0F9 /* PlantDiseaseClassifierTests */ = {
			isa = PBXGroup;
			children = (
				105E0F9B28D11DF700ADB0F9 /* PlantDiseaseClassifierTests.swift */,
			);
			path = PlantDiseaseClassifierTests;
			sourceTree = "<group>";
		};
		105E0FA428D11DF700ADB0F9 /* PlantDiseaseClassifierUITests */ = {
			isa = PBXGroup;
			children = (
				105E0FA528D11DF700ADB0F9 /* PlantDiseaseClassifierUITests.swift */,
				105E0FA728D11DF700ADB0F9 /* PlantDiseaseClassifierUITestsLaunchTests.swift */,
			);
			path = PlantDiseaseClassifierUITests;
			sourceTree = "<group>";
		};
/* End PBXGroup section */

/* Begin PBXNativeTarget section */
		105E0F8628D11DF600ADB0F9 /* PlantDiseaseClassifier */ = {
			isa = PBXNativeTarget;
			buildConfigurationList = 105E0FAB28D11DF700ADB0F9 /* Build configuration list for PBXNativeTarget "PlantDiseaseClassifier" */;
			buildPhases = (
				105E0F8328D11DF600ADB0F9 /* Sources */,
				105E0F8428D11DF600ADB0F9 /* Frameworks */,
				105E0F8528D11DF600ADB0F9 /* Resources */,
			);
			buildRules = (
			);
			dependencies = (
			);
			name = PlantDiseaseClassifier;
			productName = PlantDiseaseClassifier;
			productReference = 105E0F8728D11DF600ADB0F9 /* PlantDiseaseClassifier.app */;
			productType = "com.apple.product-type.application";
		};
		105E0F9628D11DF700ADB0F9 /* PlantDiseaseClassifierTests */ = {
			isa = PBXNativeTarget;
			buildConfigurationList = 105E0FAE28D11DF700ADB0F9 /* Build configuration list for PBXNativeTarget "PlantDiseaseClassifierTests" */;
			buildPhases = (
				105E0F9328D11DF700ADB0F9 /* Sources */,
				105E0F9428D11DF700ADB0F9 /* Frameworks */,
				105E0F9528D11DF700ADB0F9 /* Resources */,
			);
			buildRules = (
			);
			dependencies = (
				105E0F9928D11DF700ADB0F9 /* PBXTargetDependency */,
			);
			name = PlantDiseaseClassifierTests;
			productName = PlantDiseaseClassifierTests;
			productReference = 105E0F9728D11DF700ADB0F9 /* PlantDiseaseClassifierTests.xctest */;
			productType = "com.apple.product-type.bundle.unit-test";
		};
		105E0FA028D11DF700ADB0F9 /* PlantDiseaseClassifierUITests */ = {
			isa = PBXNativeTarget;
			buildConfigurationList = 105E0FB128D11DF700ADB0F9 /* Build configuration list for PBXNativeTarget "PlantDiseaseClassifierUITests" */;
			buildPhases = (
				105E0F9D28D11DF700ADB0F9 /* Sources */,
				105E0F9E28D11DF700ADB0F9 /* Frameworks */,
				105E0F9F28D11DF700ADB0F9 /* Resources */,
			);
			buildRules = (
			);
			dependencies = (
				105E0FA328D11DF700ADB0F9 /* PBXTargetDependency */,
			);
			name = PlantDiseaseClassifierUITests;
			productName = PlantDiseaseClassifierUITests;
			productReference = 105E0FA128D11DF700ADB0F9 /* PlantDiseaseClassifierUITests.xctest */;
			productType = "com.apple.product-type.bundle.ui-testing";
		};
/* End PBXNativeTarget section */

/* Begin PBXProject section */
		105E0F7F28D11DF600ADB0F9 /* Project object */ = {
			isa = PBXProject;
			attributes = {
				BuildIndependentTargetsInParallel = 1;
				LastSwiftUpdateCheck = 1400;
				LastUpgradeCheck = 1400;
				TargetAttributes = {
					105E0F8628D11DF600ADB0F9 = {
						CreatedOnToolsVersion = 14.0;
					};
					105E0F9628D11DF700ADB0F9 = {
						CreatedOnToolsVersion = 14.0;
						TestTargetID = 105E0F8628D11DF600ADB0F9;
					};
					105E0FA028D11DF700ADB0F9 = {
						CreatedOnToolsVersion = 14.0;
						TestTargetID = 105E0F8628D11DF600ADB0F9;
					};
				};
			};
			buildConfigurationList = 105E0F8228D11DF600ADB0F9 /* Build configuration list for PBXProject "PlantDiseaseClassifier" */;
			compatibilityVersion = "Xcode 14.0";
			developmentRegion = en;
			hasScannedForEncodings = 0;
			knownRegions = (
				en,
				Base,
			);
			mainGroup = 105E0F7E28D11DF600ADB0F9;
			productRefGroup = 105E0F8828D11DF600ADB0F9 /* Products */;
			projectDirPath = "";
			projectRoot = "";
			targets = (
				105E0F8628D11DF600ADB0F9 /* PlantDiseaseClassifier */,
				105E0F9628D11DF700ADB0F9 /* PlantDiseaseClassifierTests */,
				105E0FA028D11DF700ADB0F9 /* PlantDiseaseClassifierUITests */,
			);
		};
/* End PBXProject section */

/* Begin PBXResourcesBuildPhase section */
		105E0F8528D11DF600ADB0F9 /* Resources */ = {
			isa = PBXResourcesBuildPhase;
			buildActionMask = 2147483647;
			files = (
				105E0F9228D11DF700ADB0F9 /* Preview Assets.xcassets in Resources */,
				105E0F8F28D11DF700ADB0F9 /* Assets.xcassets in Resources */,
			);
			runOnlyForDeploymentPostprocessing = 0;
		};
		105E0F9528D11DF700ADB0F9 /* Resources */ = {
			isa = PBXResourcesBuildPhase;
			buildActionMask = 2147483647;
			files = (
			);
			runOnlyForDeploymentPostprocessing = 0;
		};
		105E0F9F28D11DF700ADB0F9 /* Resources */ = {
			isa = PBXResourcesBuildPhase;
			buildActionMask = 2147483647;
			files = (
			);
			runOnlyForDeploymentPostprocessing = 0;
		};
/* End PBXResourcesBuildPhase section */

/* Begin PBXSourcesBuildPhase section */
		105E0F8328D11DF600ADB0F9 /* Sources */ = {
			isa = PBXSourcesBuildPhase;
			buildActionMask = 2147483647;
			files = (
				105E0F8D28D11DF600ADB0F9 /* ContentView.swift in Sources */,
				105E0F8B28D11DF600ADB0F9 /* PlantDiseaseClassifierApp.swift in Sources */,
			);
			runOnlyForDeploymentPostprocessing = 0;
		};
		105E0F9328D11DF700ADB0F9 /* Sources */ = {
			isa = PBXSourcesBuildPhase;
			buildActionMask = 2147483647;
			files = (
				105E0F9C28D11DF700ADB0F9 /* PlantDiseaseClassifierTests.swift in Sources */,
			);
			runOnlyForDeploymentPostprocessing = 0;
		};
		105E0F9D28D11DF700ADB0F9 /* Sources */ = {
			isa = PBXSourcesBuildPhase;
			buildActionMask = 2147483647;
			files = (
				105E0FA828D11DF700ADB0F9 /* PlantDiseaseClassifierUITestsLaunchTests.swift in Sources */,
				105E0FA628D11DF700ADB0F9 /* PlantDiseaseClassifierUITests.swift in Sources */,
			);
			runOnlyForDeploymentPostprocessing = 0;
		};
/* End PBXSourcesBuildPhase section */

/* Begin PBXTargetDependency section */
		105E0F9928D11DF700ADB0F9 /* PBXTargetDependency */ = {
			isa = PBXTargetDependency;
			target = 105E0F8628D11DF600ADB0F9 /* PlantDiseaseClassifier */;
			targetProxy = 105E0F9828D11DF700ADB0F9 /* PBXContainerItemProxy */;
		};
		105E0FA328D11DF700ADB0F9 /* PBXTargetDependency */ = {
			isa = PBXTargetDependency;
			target = 105E0F8628D11DF600ADB0F9 /* PlantDiseaseClassifier */;
			targetProxy = 105E0FA228D11DF700ADB0F9 /* PBXContainerItemProxy */;
		};
/* End PBXTargetDependency section */

/* Begin XCBuildConfiguration section */
		105E0FA928D11DF700ADB0F9 /* Debug */ = {
			isa = XCBuildConfiguration;
			buildSettings = {
				ALWAYS_SEARCH_USER_PATHS = NO;
				CLANG_ANALYZER_NONNULL = YES;
				CLANG_ANALYZER_NUMBER_OBJECT_CONVERSION = YES_AGGRESSIVE;
				CLANG_CXX_LANGUAGE_STANDARD = "gnu++20";
				CLANG_ENABLE_MODULES = YES;
				CLANG_ENABLE_OBJC_ARC = YES;
				CLANG_ENABLE_OBJC_WEAK = YES;
				CLANG_WARN_BLOCK_CAPTURE_AUTORELEASING = YES;
				CLANG_WARN_BOOL_CONVERSION = YES;
				CLANG_WARN_COMMA = YES;
				CLANG_WARN_CONSTANT_CONVERSION = YES;
				CLANG_WARN_DEPRECATED_OBJC_IMPLEMENTATIONS = YES;
				CLANG_WARN_DIRECT_OBJC_ISA_USAGE = YES_ERROR;
				CLANG_WARN_DOCUMENTATION_COMMENTS = YES;
				CLANG_WARN_EMPTY_BODY = YES;
				CLANG_WARN_ENUM_CONVERSION = YES;
				CLANG_WARN_INFINITE_RECURSION = YES;
				CLANG_WARN_INT_CONVERSION = YES;
				CLANG_WARN_NON_LITERAL_NULL_CONVERSION = YES;
				CLANG_WARN_OBJC_IMPLICIT_RETAIN_SELF = YES;
				CLANG_WARN_OBJC_LITERAL_CONVERSION = YES;
				CLANG_WARN_OBJC_ROOT_CLASS = YES_ERROR;
				CLANG_WARN_QUOTED_INCLUDE_IN_FRAMEWORK_HEADER = YES;
				CLANG_WARN_RANGE_LOOP_ANALYSIS = YES;
				CLANG_WARN_STRICT_PROTOTYPES = YES;
				CLANG_WARN_SUSPICIOUS_MOVE = YES;
				CLANG_WARN_UNGUARDED_AVAILABILITY = YES_AGGRESSIVE;
				CLANG_WARN_UNREACHABLE_CODE = YES;
				CLANG_WARN__DUPLICATE_METHOD_MATCH = YES;
				COPY_PHASE_STRIP = NO;
				DEBUG_INFORMATION_FORMAT = dwarf;
				ENABLE_STRICT_OBJC_MSGSEND = YES;
				ENABLE_TESTABILITY = YES;
				GCC_C_LANGUAGE_STANDARD = gnu11;
				GCC_DYNAMIC_NO_PIC = NO;
				GCC_NO_COMMON_BLOCKS = YES;
				GCC_OPTIMIZATION_LEVEL = 0;
				GCC_PREPROCESSOR_DEFINITIONS = (
					"DEBUG=1",
					"$(inherited)",
				);
				GCC_WARN_64_TO_32_BIT_CONVERSION = YES;
				GCC_WARN_ABOUT_RETURN_TYPE = YES_ERROR;
				GCC_WARN_UNDECLARED_SELECTOR = YES;
				GCC_WARN_UNINITIALIZED_AUTOS = YES_AGGRESSIVE;
				GCC_WARN_UNUSED_FUNCTION = YES;
				GCC_WARN_UNUSED_VARIABLE = YES;
				IPHONEOS_DEPLOYMENT_TARGET = 16.0;
				MTL_ENABLE_DEBUG_INFO = INCLUDE_SOURCE;
				MTL_FAST_MATH = YES;
				ONLY_ACTIVE_ARCH = YES;
				SDKROOT = iphoneos;
				SWIFT_ACTIVE_COMPILATION_CONDITIONS = DEBUG;
				SWIFT_OPTIMIZATION_LEVEL = "-Onone";
			};
			name = Debug;
		};
		105E0FAA28D11DF700ADB0F9 /* Release */ = {
			isa = XCBuildConfiguration;
			buildSettings = {
				ALWAYS_SEARCH_USER_PATHS = NO;
				CLANG_ANALYZER_NONNULL = YES;
				CLANG_ANALYZER_NUMBER_OBJECT_CONVERSION = YES_AGGRESSIVE;
				CLANG_CXX_LANGUAGE_STANDARD = "gnu++20";
				CLANG_ENABLE_MODULES = YES;
				CLANG_ENABLE_OBJC_ARC = YES;
				CLANG_ENABLE_OBJC_WEAK = YES;
				CLANG_WARN_BLOCK_CAPTURE_AUTORELEASING = YES;
				CLANG_WARN_BOOL_CONVERSION = YES;
				CLANG_WARN_COMMA = YES;
				CLANG_WARN_CONSTANT_CONVERSION = YES;
				CLANG_WARN_DEPRECATED_OBJC_IMPLEMENTATIONS = YES;
				CLANG_WARN_DIRECT_OBJC_ISA_USAGE = YES_ERROR;
				CLANG_WARN_DOCUMENTATION_COMMENTS = YES;
				CLANG_WARN_EMPTY_BODY = YES;
				CLANG_WARN_ENUM_CONVERSION = YES;
				CLANG_WARN_INFINITE_RECURSION = YES;
				CLANG_WARN_INT_CONVERSION = YES;
				CLANG_WARN_NON_LITERAL_NULL_CONVERSION = YES;
				CLANG_WARN_OBJC_IMPLICIT_RETAIN_SELF = YES;
				CLANG_WARN_OBJC_LITERAL_CONVERSION = YES;
				CLANG_WARN_OBJC_ROOT_CLASS = YES_ERROR;
				CLANG_WARN_QUOTED_INCLUDE_IN_FRAMEWORK_HEADER = YES;
				CLANG_WARN_RANGE_LOOP_ANALYSIS = YES;
				CLANG_WARN_STRICT_PROTOTYPES = YES;
				CLANG_WARN_SUSPICIOUS_MOVE = YES;
				CLANG_WARN_UNGUARDED_AVAILABILITY = YES_AGGRESSIVE;
				CLANG_WARN_UNREACHABLE_CODE = YES;
				CLANG_WARN__DUPLICATE_METHOD_MATCH = YES;
				COPY_PHASE_STRIP = NO;
				DEBUG_INFORMATION_FORMAT = "dwarf-with-dsym";
				ENABLE_NS_ASSERTIONS = NO;
				ENABLE_STRICT_OBJC_MSGSEND = YES;
				GCC_C_LANGUAGE_STANDARD = gnu11;
				GCC_NO_COMMON_BLOCKS = YES;
				GCC_WARN_64_TO_32_BIT_CONVERSION = YES;
				GCC_WARN_ABOUT_RETURN_TYPE = YES_ERROR;
				GCC_WARN_UNDECLARED_SELECTOR = YES;
				GCC_WARN_UNINITIALIZED_AUTOS = YES_AGGRESSIVE;
				GCC_WARN_UNUSED_FUNCTION = YES;
				GCC_WARN_UNUSED_VARIABLE = YES;
				IPHONEOS_DEPLOYMENT_TARGET = 16.0;
				MTL_ENABLE_DEBUG_INFO = NO;
				MTL_FAST_MATH = YES;
				SDKROOT = iphoneos;
				SWIFT_COMPILATION_MODE = wholemodule;
				SWIFT_OPTIMIZATION_LEVEL = "-O";
				VALIDATE_PRODUCT = YES;
			};
			name = Release;
		};
		105E0FAC28D11DF700ADB0F9 /* Debug */ = {
			isa = XCBuildConfiguration;
			buildSettings = {
				ASSETCATALOG_COMPILER_APPICON_NAME = AppIcon;
				ASSETCATALOG_COMPILER_GLOBAL_ACCENT_COLOR_NAME = AccentColor;
				CODE_SIGN_STYLE = Automatic;
				CURRENT_PROJECT_VERSION = 1;
				DEVELOPMENT_ASSET_PATHS = "\"PlantDiseaseClassifier/Preview Content\"";
				DEVELOPMENT_TEAM = DR3WMBTLG7;
				ENABLE_PREVIEWS = YES;
				GENERATE_INFOPLIST_FILE = YES;
				INFOPLIST_KEY_UIApplicationSceneManifest_Generation = YES;
				INFOPLIST_KEY_UIApplicationSupportsIndirectInputEvents = YES;
				INFOPLIST_KEY_UILaunchScreen_Generation = YES;
				INFOPLIST_KEY_UISupportedInterfaceOrientations_iPad = "UIInterfaceOrientationPortrait UIInterfaceOrientationPortraitUpsideDown UIInterfaceOrientationLandscapeLeft UIInterfaceOrientationLandscapeRight";
				INFOPLIST_KEY_UISupportedInterfaceOrientations_iPhone = "UIInterfaceOrientationPortrait UIInterfaceOrientationLandscapeLeft UIInterfaceOrientationLandscapeRight";
				LD_RUNPATH_SEARCH_PATHS = (
					"$(inherited)",
					"@executable_path/Frameworks",
				);
				MARKETING_VERSION = 1.0;
				PRODUCT_BUNDLE_IDENTIFIER = dev.babebbu.PlantDiseaseClassifier;
				PRODUCT_NAME = "$(TARGET_NAME)";
				SWIFT_EMIT_LOC_STRINGS = YES;
				SWIFT_VERSION = 5.0;
				TARGETED_DEVICE_FAMILY = "1,2";
			};
			name = Debug;
		};
		105E0FAD28D11DF700ADB0F9 /* Release */ = {
			isa = XCBuildConfiguration;
			buildSettings = {
				ASSETCATALOG_COMPILER_APPICON_NAME = AppIcon;
				ASSETCATALOG_COMPILER_GLOBAL_ACCENT_COLOR_NAME = AccentColor;
				CODE_SIGN_STYLE = Automatic;
				CURRENT_PROJECT_VERSION = 1;
				DEVELOPMENT_ASSET_PATHS = "\"PlantDiseaseClassifier/Preview Content\"";
				DEVELOPMENT_TEAM = DR3WMBTLG7;
				ENABLE_PREVIEWS = YES;
				GENERATE_INFOPLIST_FILE = YES;
				INFOPLIST_KEY_UIApplicationSceneManifest_Generation = YES;
				INFOPLIST_KEY_UIApplicationSupportsIndirectInputEvents = YES;
				INFOPLIST_KEY_UILaunchScreen_Generation = YES;
				INFOPLIST_KEY_UISupportedInterfaceOrientations_iPad = "UIInterfaceOrientationPortrait UIInterfaceOrientationPortraitUpsideDown UIInterfaceOrientationLandscapeLeft UIInterfaceOrientationLandscapeRight";
				INFOPLIST_KEY_UISupportedInterfaceOrientations_iPhone = "UIInterfaceOrientationPortrait UIInterfaceOrientationLandscapeLeft UIInterfaceOrientationLandscapeRight";
				LD_RUNPATH_SEARCH_PATHS = (
					"$(inherited)",
					"@executable_path/Frameworks",
				);
				MARKETING_VERSION = 1.0;
				PRODUCT_BUNDLE_IDENTIFIER = dev.babebbu.PlantDiseaseClassifier;
				PRODUCT_NAME = "$(TARGET_NAME)";
				SWIFT_EMIT_LOC_STRINGS = YES;
				SWIFT_VERSION = 5.0;
				TARGETED_DEVICE_FAMILY = "1,2";
			};
			name = Release;
		};
		105E0FAF28D11DF700ADB0F9 /* Debug */ = {
			isa = XCBuildConfiguration;
			buildSettings = {
				ALWAYS_EMBED_SWIFT_STANDARD_LIBRARIES = YES;
				BUNDLE_LOADER = "$(TEST_HOST)";
				CODE_SIGN_STYLE = Automatic;
				CURRENT_PROJECT_VERSION = 1;
				DEVELOPMENT_TEAM = DR3WMBTLG7;
				GENERATE_INFOPLIST_FILE = YES;
				IPHONEOS_DEPLOYMENT_TARGET = 16.0;
				MARKETING_VERSION = 1.0;
				PRODUCT_BUNDLE_IDENTIFIER = dev.babebbu.PlantDiseaseClassifierTests;
				PRODUCT_NAME = "$(TARGET_NAME)";
				SWIFT_EMIT_LOC_STRINGS = NO;
				SWIFT_VERSION = 5.0;
				TARGETED_DEVICE_FAMILY = "1,2";
				TEST_HOST = "$(BUILT_PRODUCTS_DIR)/PlantDiseaseClassifier.app/$(BUNDLE_EXECUTABLE_FOLDER_PATH)/PlantDiseaseClassifier";
			};
			name = Debug;
		};
		105E0FB028D11DF700ADB0F9 /* Release */ = {
			isa = XCBuildConfiguration;
			buildSettings = {
				ALWAYS_EMBED_SWIFT_STANDARD_LIBRARIES = YES;
				BUNDLE_LOADER = "$(TEST_HOST)";
				CODE_SIGN_STYLE = Automatic;
				CURRENT_PROJECT_VERSION = 1;
				DEVELOPMENT_TEAM = DR3WMBTLG7;
				GENERATE_INFOPLIST_FILE = YES;
				IPHONEOS_DEPLOYMENT_TARGET = 16.0;
				MARKETING_VERSION = 1.0;
				PRODUCT_BUNDLE_IDENTIFIER = dev.babebbu.PlantDiseaseClassifierTests;
				PRODUCT_NAME = "$(TARGET_NAME)";
				SWIFT_EMIT_LOC_STRINGS = NO;
				SWIFT_VERSION = 5.0;
				TARGETED_DEVICE_FAMILY = "1,2";
				TEST_HOST = "$(BUILT_PRODUCTS_DIR)/PlantDiseaseClassifier.app/$(BUNDLE_EXECUTABLE_FOLDER_PATH)/PlantDiseaseClassifier";
			};
			name = Release;
		};
		105E0FB228D11DF700ADB0F9 /* Debug */ = {
			isa = XCBuildConfiguration;
			buildSettings = {
				ALWAYS_EMBED_SWIFT_STANDARD_LIBRARIES = YES;
				CODE_SIGN_STYLE = Automatic;
				CURRENT_PROJECT_VERSION = 1;
				DEVELOPMENT_TEAM = DR3WMBTLG7;
				GENERATE_INFOPLIST_FILE = YES;
				MARKETING_VERSION = 1.0;
				PRODUCT_BUNDLE_IDENTIFIER = dev.babebbu.PlantDiseaseClassifierUITests;
				PRODUCT_NAME = "$(TARGET_NAME)";
				SWIFT_EMIT_LOC_STRINGS = NO;
				SWIFT_VERSION = 5.0;
				TARGETED_DEVICE_FAMILY = "1,2";
				TEST_TARGET_NAME = PlantDiseaseClassifier;
			};
			name = Debug;
		};
		105E0FB328D11DF700ADB0F9 /* Release */ = {
			isa = XCBuildConfiguration;
			buildSettings = {
				ALWAYS_EMBED_SWIFT_STANDARD_LIBRARIES = YES;
				CODE_SIGN_STYLE = Automatic;
				CURRENT_PROJECT_VERSION = 1;
				DEVELOPMENT_TEAM = DR3WMBTLG7;
				GENERATE_INFOPLIST_FILE = YES;
				MARKETING_VERSION = 1.0;
				PRODUCT_BUNDLE_IDENTIFIER = dev.babebbu.PlantDiseaseClassifierUITests;
				PRODUCT_NAME = "$(TARGET_NAME)";
				SWIFT_EMIT_LOC_STRINGS = NO;
				SWIFT_VERSION = 5.0;
				TARGETED_DEVICE_FAMILY = "1,2";
				TEST_TARGET_NAME = PlantDiseaseClassifier;
			};
			name = Release;
		};
/* End XCBuildConfiguration section */

/* Begin XCConfigurationList section */
		105E0F8228D11DF600ADB0F9 /* Build configuration list for PBXProject "PlantDiseaseClassifier" */ = {
			isa = XCConfigurationList;
			buildConfigurations = (
				105E0FA928D11DF700ADB0F9 /* Debug */,
				105E0FAA28D11DF700ADB0F9 /* Release */,
			);
			defaultConfigurationIsVisible = 0;
			defaultConfigurationName = Release;
		};
		105E0FAB28D11DF700ADB0F9 /* Build configuration list for PBXNativeTarget "PlantDiseaseClassifier" */ = {
			isa = XCConfigurationList;
			buildConfigurations = (
				105E0FAC28D11DF700ADB0F9 /* Debug */,
				105E0FAD28D11DF700ADB0F9 /* Release */,
			);
			defaultConfigurationIsVisible = 0;
			defaultConfigurationName = Release;
		};
		105E0FAE28D11DF700ADB0F9 /* Build configuration list for PBXNativeTarget "PlantDiseaseClassifierTests" */ = {
			isa = XCConfigurationList;
			buildConfigurations = (
				105E0FAF28D11DF700ADB0F9 /* Debug */,
				105E0FB028D11DF700ADB0F9 /* Release */,
			);
			defaultConfigurationIsVisible = 0;
			defaultConfigurationName = Release;
		};
		105E0FB128D11DF700ADB0F9 /* Build configuration list for PBXNativeTarget "PlantDiseaseClassifierUITests" */ = {
			isa = XCConfigurationList;
			buildConfigurations = (
				105E0FB228D11DF700ADB0F9 /* Debug */,
				105E0FB328D11DF700ADB0F9 /* Release */,
			);
			defaultConfigurationIsVisible = 0;
			defaultConfigurationName = Release;
		};
/* End XCConfigurationList section */
	};
	rootObject = 105E0F7F28D11DF600ADB0F9 /* Project object */;
}
